
Microsoft Visual Studio Solution File, Format Version 12.00
# Visual Studio 15
Project("{FAE04EC0-301F-11D3-BF4B-00C04F79EFBC}") = "Assembly-CSharp", "Assembly-CSharp.csproj", "{98FCD6C6-0967-0A1B-760D-99515DE82091}"
EndProject
Project("{FAE04EC0-301F-11D3-BF4B-00C04F79EFBC}") = "Assembly-CSharp", "Assembly-CSharp.Player.csproj", "{51B82BEC-E06C-6C6F-318D-1FB0D30AE482}"
EndProject
Global
	GlobalSection(SolutionConfigurationPlatforms) = preSolution
		Debug|Any CPU = Debug|Any CPU
		Release|Any CPU = Release|Any CPU
	EndGlobalSection
	GlobalSection(ProjectConfigurationPlatforms) = postSolution
		{98FCD6C6-0967-0A1B-760D-99515DE82091}.Debug|Any CPU.ActiveCfg = Debug|Any CPU
		{98FCD6C6-0967-0A1B-760D-99515DE82091}.Debug|Any CPU.Build.0 = Debug|Any CPU
		{98FCD6C6-0967-0A1B-760D-99515DE82091}.Release|Any CPU.ActiveCfg = Release|Any CPU
		{98FCD6C6-0967-0A1B-760D-99515DE82091}.Release|Any CPU.Build.0 = Release|Any CPU
		{51B82BEC-E06C-6C6F-318D-1FB0D30AE482}.Debug|Any CPU.ActiveCfg = Debug|Any CPU
		{51B82BEC-E06C-6C6F-318D-1FB0D30AE482}.Debug|Any CPU.Build.0 = Debug|Any CPU
		{51B82BEC-E06C-6C6F-318D-1FB0D30AE482}.Release|Any CPU.ActiveCfg = Release|Any CPU
		{51B82BEC-E06C-6C6F-318D-1FB0D30AE482}.Release|Any CPU.Build.0 = Release|Any CPU
	EndGlobalSection
	GlobalSection(SolutionProperties) = preSolution
		HideSolutionNode = FALSE
	EndGlobalSection
EndGlobal
